# THIS IS AN AUTOGENERATED FILE. DO NOT EDIT THIS FILE DIRECTLY.
# yarn lockfile v1


vue-toast-notification@^2.0:
  version "2.0.1"
  resolved "https://registry.yarnpkg.com/vue-toast-notification/-/vue-toast-notification-2.0.1.tgz#5fe607c493b5dc9b238bf49bc3bcf80366edd4e4"
  integrity sha512-8GPJq1J6lsTPTCxSgPhnM8d0v+ivwT+u4R/xmtaDXeYNRkaRxqFOn3ewaVqmm+aCT8Y3/PQQS8dFqkMV7JOf/A==
